" Generated by vim-plug
" ma. 17. juni 2019 kl. 16.02 +0200
" :source this file in vim to restore the snapshot
" or execute: vim -S snapshot.vim

silent! let g:plugs['ctrlp.vim'].commit = '2e773fd'
silent! let g:plugs['deoplete-go'].commit = '33e229d'
silent! let g:plugs['deoplete.nvim'].commit = 'd7dcca8'
silent! let g:plugs['lowercase-dockerfile'].commit = '335feba'
silent! let g:plugs['molokai'].commit = '98c1c80'
silent! let g:plugs['nvim-yarp'].commit = '8fcb1af'
silent! let g:plugs['supertab'].commit = '40fe711'
silent! let g:plugs['ultisnips'].commit = '1a99766'
silent! let g:plugs['vim-airline'].commit = '2db9b27'
silent! let g:plugs['vim-brightest'].commit = '717682e'
silent! let g:plugs['vim-gitgutter'].commit = '5989eb8'
silent! let g:plugs['vim-go'].commit = 'b6a0bde'
silent! let g:plugs['vim-hug-neovim-rpc'].commit = '55db7af'
silent! let g:plugs['vim-snippets'].commit = 'a11cf5b'

PlugUpdate!

